
Microsoft Visual Studio Solution File, Format Version 12.00
# Visual Studio 15
Project("{FAE04EC0-301F-11D3-BF4B-00C04F79EFBC}") = "Modul8_3 - Copy", "Modul8_3 - Copy.csproj", "{3C483C7F-DA34-317D-B5E1-3554CEB0E637}"
EndProject
Global
	GlobalSection(SolutionConfigurationPlatforms) = preSolution
		Debug|Any CPU = Debug|Any CPU
		Release|Any CPU = Release|Any CPU
	EndGlobalSection
	GlobalSection(ProjectConfigurationPlatforms) = postSolution
		{3C483C7F-DA34-317D-B5E1-3554CEB0E637}.Debug|Any CPU.ActiveCfg = Debug|Any CPU
		{3C483C7F-DA34-317D-B5E1-3554CEB0E637}.Debug|Any CPU.Build.0 = Debug|Any CPU
		{3C483C7F-DA34-317D-B5E1-3554CEB0E637}.Release|Any CPU.ActiveCfg = Release|Any CPU
		{3C483C7F-DA34-317D-B5E1-3554CEB0E637}.Release|Any CPU.Build.0 = Release|Any CPU
	EndGlobalSection
	GlobalSection(SolutionProperties) = preSolution
		HideSolutionNode = FALSE
	EndGlobalSection
EndGlobal
