
Microsoft Visual Studio Solution File, Format Version 12.00
# Visual Studio 15
Project("{FAE04EC0-301F-11D3-BF4B-00C04F79EFBC}") = "Praktikum5", "Praktikum5.csproj", "{A39C1B0D-9197-FFFB-4566-6E051659F24F}"
EndProject
Global
	GlobalSection(SolutionConfigurationPlatforms) = preSolution
		Debug|Any CPU = Debug|Any CPU
		Release|Any CPU = Release|Any CPU
	EndGlobalSection
	GlobalSection(ProjectConfigurationPlatforms) = postSolution
		{A39C1B0D-9197-FFFB-4566-6E051659F24F}.Debug|Any CPU.ActiveCfg = Debug|Any CPU
		{A39C1B0D-9197-FFFB-4566-6E051659F24F}.Debug|Any CPU.Build.0 = Debug|Any CPU
		{A39C1B0D-9197-FFFB-4566-6E051659F24F}.Release|Any CPU.ActiveCfg = Release|Any CPU
		{A39C1B0D-9197-FFFB-4566-6E051659F24F}.Release|Any CPU.Build.0 = Release|Any CPU
	EndGlobalSection
	GlobalSection(SolutionProperties) = preSolution
		HideSolutionNode = FALSE
	EndGlobalSection
EndGlobal
