
Microsoft Visual Studio Solution File, Format Version 12.00
# Visual Studio 15
Project("{FAE04EC0-301F-11D3-BF4B-00C04F79EFBC}") = "Modul12_2", "Modul12_2.csproj", "{5741F21C-B1E2-0641-0D65-9BCB8BEC04F6}"
EndProject
Global
	GlobalSection(SolutionConfigurationPlatforms) = preSolution
		Debug|Any CPU = Debug|Any CPU
		Release|Any CPU = Release|Any CPU
	EndGlobalSection
	GlobalSection(ProjectConfigurationPlatforms) = postSolution
		{5741F21C-B1E2-0641-0D65-9BCB8BEC04F6}.Debug|Any CPU.ActiveCfg = Debug|Any CPU
		{5741F21C-B1E2-0641-0D65-9BCB8BEC04F6}.Debug|Any CPU.Build.0 = Debug|Any CPU
		{5741F21C-B1E2-0641-0D65-9BCB8BEC04F6}.Release|Any CPU.ActiveCfg = Release|Any CPU
		{5741F21C-B1E2-0641-0D65-9BCB8BEC04F6}.Release|Any CPU.Build.0 = Release|Any CPU
	EndGlobalSection
	GlobalSection(SolutionProperties) = preSolution
		HideSolutionNode = FALSE
	EndGlobalSection
EndGlobal
