
Microsoft Visual Studio Solution File, Format Version 12.00
# Visual Studio 15
Project("{FAE04EC0-301F-11D3-BF4B-00C04F79EFBC}") = "Modul11_2", "Modul11_2.csproj", "{6A546CA0-912E-DE01-788D-95B4FA94A06B}"
EndProject
Project("{FAE04EC0-301F-11D3-BF4B-00C04F79EFBC}") = "Modul11_2.Plugins", "Modul11_2.Plugins.csproj", "{FC98A301-D612-356B-0C63-F3AE1A2B082A}"
EndProject
Global
	GlobalSection(SolutionConfigurationPlatforms) = preSolution
		Debug|Any CPU = Debug|Any CPU
		Release|Any CPU = Release|Any CPU
	EndGlobalSection
	GlobalSection(ProjectConfigurationPlatforms) = postSolution
		{6A546CA0-912E-DE01-788D-95B4FA94A06B}.Debug|Any CPU.ActiveCfg = Debug|Any CPU
		{6A546CA0-912E-DE01-788D-95B4FA94A06B}.Debug|Any CPU.Build.0 = Debug|Any CPU
		{6A546CA0-912E-DE01-788D-95B4FA94A06B}.Release|Any CPU.ActiveCfg = Release|Any CPU
		{6A546CA0-912E-DE01-788D-95B4FA94A06B}.Release|Any CPU.Build.0 = Release|Any CPU
		{FC98A301-D612-356B-0C63-F3AE1A2B082A}.Debug|Any CPU.ActiveCfg = Debug|Any CPU
		{FC98A301-D612-356B-0C63-F3AE1A2B082A}.Debug|Any CPU.Build.0 = Debug|Any CPU
		{FC98A301-D612-356B-0C63-F3AE1A2B082A}.Release|Any CPU.ActiveCfg = Release|Any CPU
		{FC98A301-D612-356B-0C63-F3AE1A2B082A}.Release|Any CPU.Build.0 = Release|Any CPU
	EndGlobalSection
	GlobalSection(SolutionProperties) = preSolution
		HideSolutionNode = FALSE
	EndGlobalSection
EndGlobal
