
Microsoft Visual Studio Solution File, Format Version 12.00
# Visual Studio 15
Project("{FAE04EC0-301F-11D3-BF4B-00C04F79EFBC}") = "Modul8_3", "Modul8_3.csproj", "{77CEDBE6-6300-783C-B4B4-8427A808CBCB}"
EndProject
Global
	GlobalSection(SolutionConfigurationPlatforms) = preSolution
		Debug|Any CPU = Debug|Any CPU
		Release|Any CPU = Release|Any CPU
	EndGlobalSection
	GlobalSection(ProjectConfigurationPlatforms) = postSolution
		{77CEDBE6-6300-783C-B4B4-8427A808CBCB}.Debug|Any CPU.ActiveCfg = Debug|Any CPU
		{77CEDBE6-6300-783C-B4B4-8427A808CBCB}.Debug|Any CPU.Build.0 = Debug|Any CPU
		{77CEDBE6-6300-783C-B4B4-8427A808CBCB}.Release|Any CPU.ActiveCfg = Release|Any CPU
		{77CEDBE6-6300-783C-B4B4-8427A808CBCB}.Release|Any CPU.Build.0 = Release|Any CPU
	EndGlobalSection
	GlobalSection(SolutionProperties) = preSolution
		HideSolutionNode = FALSE
	EndGlobalSection
EndGlobal
